
Microsoft Visual Studio Solution File, Format Version 12.00
# Visual Studio Version 17
VisualStudioVersion = 17.6.33712.159
MinimumVisualStudioVersion = 10.0.40219.1
Project("{FAE04EC0-301F-11D3-BF4B-00C04F79EFBC}") = "FogSoft.EF.Library", "FogSoft.EF.Library.csproj", "{1CD73571-17C6-4521-800A-4BC0988B80F2}"
EndProject
Global
	GlobalSection(SolutionConfigurationPlatforms) = preSolution
		Debug|Any CPU = Debug|Any CPU
		Release|Any CPU = Release|Any CPU
	EndGlobalSection
	GlobalSection(ProjectConfigurationPlatforms) = postSolution
		{1CD73571-17C6-4521-800A-4BC0988B80F2}.Debug|Any CPU.ActiveCfg = Debug|Any CPU
		{1CD73571-17C6-4521-800A-4BC0988B80F2}.Debug|Any CPU.Build.0 = Debug|Any CPU
		{1CD73571-17C6-4521-800A-4BC0988B80F2}.Release|Any CPU.ActiveCfg = Release|Any CPU
		{1CD73571-17C6-4521-800A-4BC0988B80F2}.Release|Any CPU.Build.0 = Release|Any CPU
	EndGlobalSection
	GlobalSection(SolutionProperties) = preSolution
		HideSolutionNode = FALSE
	EndGlobalSection
	GlobalSection(ExtensibilityGlobals) = postSolution
		SolutionGuid = {3667697F-841E-4603-A135-C85002AC8115}
	EndGlobalSection
EndGlobal
